<?xml version="1.0" encoding="utf-8"?>
<Project ToolsVersion="4.0" xmlns="http://schemas.microsoft.com/developer/msbuild/2003">
  <ItemGroup>
    <Filter Include="Package">
      <UniqueIdentifier>{71CF72FB-DDAE-F196-E6C6-7C6D522558F8}</UniqueIdentifier>
    </Filter>
    <Filter Include="Package\Game">
      <UniqueIdentifier>{BA379ED9-A69A-2D7E-4F20-66343B62F900}</UniqueIdentifier>
    </Filter>
    <Filter Include="Package\ThirdParty">
      <UniqueIdentifier>{8B7FBC53-7763-7DA9-E0C3-77FCCCC6672B}</UniqueIdentifier>
    </Filter>
    <Filter Include="Package\ThirdParty\Include">
      <UniqueIdentifier>{DE69A2A6-CA79-4E77-3333-B3951F623D10}</UniqueIdentifier>
    </Filter>
    <Filter Include="Package\ThirdParty\Include\SDL2">
      <UniqueIdentifier>{0273E612-6E56-F552-7759-238FE3BBBBA3}</UniqueIdentifier>
    </Filter>
    <Filter Include="Package\ThirdParty\Include\httplib">
      <UniqueIdentifier>{C4F2ACF3-B02E-B05D-1941-C854059C5878}</UniqueIdentifier>
    </Filter>
    <Filter Include="Package\ThirdParty\Include\json">
      <UniqueIdentifier>{67DCF312-D3BF-0253-DCC2-308F4825C9A3}</UniqueIdentifier>
    </Filter>
    <Filter Include="Package\ThirdParty\Include\stb">
      <UniqueIdentifier>{36E77BA3-220D-460A-0B53-CBD5F7176BD6}</UniqueIdentifier>
    </Filter>
    <Filter Include="Source">
      <UniqueIdentifier>{56EB95D1-428D-C0A7-2B48-D4FB178947F8}</UniqueIdentifier>
    </Filter>
  </ItemGroup>
  <ItemGroup>
    <ClInclude Include="..\Package\Game\Font.h">
      <Filter>Package\Game</Filter>
    </ClInclude>
    <ClInclude Include="..\Package\Game\Framework.h">
      <Filter>Package\Game</Filter>
    </ClInclude>
    <ClInclude Include="..\Package\Game\Header.h">
      <Filter>Package\Game</Filter>
    </ClInclude>
    <ClInclude Include="..\Package\Game\Logger.h">
      <Filter>Package\Game</Filter>
    </ClInclude>
    <ClInclude Include="..\Package\Game\Macro.h">
      <Filter>Package\Game</Filter>
    </ClInclude>
    <ClInclude Include="..\Package\Game\MathHelper.h">
      <Filter>Package\Game</Filter>
    </ClInclude>
    <ClInclude Include="..\Package\Game\Renderer.h">
      <Filter>Package\Game</Filter>
    </ClInclude>
    <ClInclude Include="..\Package\Game\SDLHelper.h">
      <Filter>Package\Game</Filter>
    </ClInclude>
    <ClInclude Include="..\Package\Game\StringHelper.h">
      <Filter>Package\Game</Filter>
    </ClInclude>
    <ClInclude Include="..\Package\Game\Timer.h">
      <Filter>Package\Game</Filter>
    </ClInclude>
    <ClInclude Include="..\Package\ThirdParty\Include\SDL2\SDL.h">
      <Filter>Package\ThirdParty\Include\SDL2</Filter>
    </ClInclude>
    <ClInclude Include="..\Package\ThirdParty\Include\SDL2\SDL_assert.h">
      <Filter>Package\ThirdParty\Include\SDL2</Filter>
    </ClInclude>
    <ClInclude Include="..\Package\ThirdParty\Include\SDL2\SDL_atomic.h">
      <Filter>Package\ThirdParty\Include\SDL2</Filter>
    </ClInclude>
    <ClInclude Include="..\Package\ThirdParty\Include\SDL2\SDL_audio.h">
      <Filter>Package\ThirdParty\Include\SDL2</Filter>
    </ClInclude>
    <ClInclude Include="..\Package\ThirdParty\Include\SDL2\SDL_bits.h">
      <Filter>Package\ThirdParty\Include\SDL2</Filter>
    </ClInclude>
    <ClInclude Include="..\Package\ThirdParty\Include\SDL2\SDL_blendmode.h">
      <Filter>Package\ThirdParty\Include\SDL2</Filter>
    </ClInclude>
    <ClInclude Include="..\Package\ThirdParty\Include\SDL2\SDL_clipboard.h">
      <Filter>Package\ThirdParty\Include\SDL2</Filter>
    </ClInclude>
    <ClInclude Include="..\Package\ThirdParty\Include\SDL2\SDL_config.h">
      <Filter>Package\ThirdParty\Include\SDL2</Filter>
    </ClInclude>
    <ClInclude Include="..\Package\ThirdParty\Include\SDL2\SDL_config_android.h">
      <Filter>Package\ThirdParty\Include\SDL2</Filter>
    </ClInclude>
    <ClInclude Include="..\Package\ThirdParty\Include\SDL2\SDL_config_emscripten.h">
      <Filter>Package\ThirdParty\Include\SDL2</Filter>
    </ClInclude>
    <ClInclude Include="..\Package\ThirdParty\Include\SDL2\SDL_config_iphoneos.h">
      <Filter>Package\ThirdParty\Include\SDL2</Filter>
    </ClInclude>
    <ClInclude Include="..\Package\ThirdParty\Include\SDL2\SDL_config_macosx.h">
      <Filter>Package\ThirdParty\Include\SDL2</Filter>
    </ClInclude>
    <ClInclude Include="..\Package\ThirdParty\Include\SDL2\SDL_config_minimal.h">
      <Filter>Package\ThirdParty\Include\SDL2</Filter>
    </ClInclude>
    <ClInclude Include="..\Package\ThirdParty\Include\SDL2\SDL_config_os2.h">
      <Filter>Package\ThirdParty\Include\SDL2</Filter>
    </ClInclude>
    <ClInclude Include="..\Package\ThirdParty\Include\SDL2\SDL_config_pandora.h">
      <Filter>Package\ThirdParty\Include\SDL2</Filter>
    </ClInclude>
    <ClInclude Include="..\Package\ThirdParty\Include\SDL2\SDL_config_windows.h">
      <Filter>Package\ThirdParty\Include\SDL2</Filter>
    </ClInclude>
    <ClInclude Include="..\Package\ThirdParty\Include\SDL2\SDL_config_winrt.h">
      <Filter>Package\ThirdParty\Include\SDL2</Filter>
    </ClInclude>
    <ClInclude Include="..\Package\ThirdParty\Include\SDL2\SDL_copying.h">
      <Filter>Package\ThirdParty\Include\SDL2</Filter>
    </ClInclude>
    <ClInclude Include="..\Package\ThirdParty\Include\SDL2\SDL_cpuinfo.h">
      <Filter>Package\ThirdParty\Include\SDL2</Filter>
    </ClInclude>
    <ClInclude Include="..\Package\ThirdParty\Include\SDL2\SDL_egl.h">
      <Filter>Package\ThirdParty\Include\SDL2</Filter>
    </ClInclude>
    <ClInclude Include="..\Package\ThirdParty\Include\SDL2\SDL_endian.h">
      <Filter>Package\ThirdParty\Include\SDL2</Filter>
    </ClInclude>
    <ClInclude Include="..\Package\ThirdParty\Include\SDL2\SDL_error.h">
      <Filter>Package\ThirdParty\Include\SDL2</Filter>
    </ClInclude>
    <ClInclude Include="..\Package\ThirdParty\Include\SDL2\SDL_events.h">
      <Filter>Package\ThirdParty\Include\SDL2</Filter>
    </ClInclude>
    <ClInclude Include="..\Package\ThirdParty\Include\SDL2\SDL_filesystem.h">
      <Filter>Package\ThirdParty\Include\SDL2</Filter>
    </ClInclude>
    <ClInclude Include="..\Package\ThirdParty\Include\SDL2\SDL_gamecontroller.h">
      <Filter>Package\ThirdParty\Include\SDL2</Filter>
    </ClInclude>
    <ClInclude Include="..\Package\ThirdParty\Include\SDL2\SDL_gesture.h">
      <Filter>Package\ThirdParty\Include\SDL2</Filter>
    </ClInclude>
    <ClInclude Include="..\Package\ThirdParty\Include\SDL2\SDL_haptic.h">
      <Filter>Package\ThirdParty\Include\SDL2</Filter>
    </ClInclude>
    <ClInclude Include="..\Package\ThirdParty\Include\SDL2\SDL_hidapi.h">
      <Filter>Package\ThirdParty\Include\SDL2</Filter>
    </ClInclude>
    <ClInclude Include="..\Package\ThirdParty\Include\SDL2\SDL_hints.h">
      <Filter>Package\ThirdParty\Include\SDL2</Filter>
    </ClInclude>
    <ClInclude Include="..\Package\ThirdParty\Include\SDL2\SDL_joystick.h">
      <Filter>Package\ThirdParty\Include\SDL2</Filter>
    </ClInclude>
    <ClInclude Include="..\Package\ThirdParty\Include\SDL2\SDL_keyboard.h">
      <Filter>Package\ThirdParty\Include\SDL2</Filter>
    </ClInclude>
    <ClInclude Include="..\Package\ThirdParty\Include\SDL2\SDL_keycode.h">
      <Filter>Package\ThirdParty\Include\SDL2</Filter>
    </ClInclude>
    <ClInclude Include="..\Package\ThirdParty\Include\SDL2\SDL_loadso.h">
      <Filter>Package\ThirdParty\Include\SDL2</Filter>
    </ClInclude>
    <ClInclude Include="..\Package\ThirdParty\Include\SDL2\SDL_locale.h">
      <Filter>Package\ThirdParty\Include\SDL2</Filter>
    </ClInclude>
    <ClInclude Include="..\Package\ThirdParty\Include\SDL2\SDL_log.h">
      <Filter>Package\ThirdParty\Include\SDL2</Filter>
    </ClInclude>
    <ClInclude Include="..\Package\ThirdParty\Include\SDL2\SDL_main.h">
      <Filter>Package\ThirdParty\Include\SDL2</Filter>
    </ClInclude>
    <ClInclude Include="..\Package\ThirdParty\Include\SDL2\SDL_messagebox.h">
      <Filter>Package\ThirdParty\Include\SDL2</Filter>
    </ClInclude>
    <ClInclude Include="..\Package\ThirdParty\Include\SDL2\SDL_metal.h">
      <Filter>Package\ThirdParty\Include\SDL2</Filter>
    </ClInclude>
    <ClInclude Include="..\Package\ThirdParty\Include\SDL2\SDL_misc.h">
      <Filter>Package\ThirdParty\Include\SDL2</Filter>
    </ClInclude>
    <ClInclude Include="..\Package\ThirdParty\Include\SDL2\SDL_mouse.h">
      <Filter>Package\ThirdParty\Include\SDL2</Filter>
    </ClInclude>
    <ClInclude Include="..\Package\ThirdParty\Include\SDL2\SDL_mutex.h">
      <Filter>Package\ThirdParty\Include\SDL2</Filter>
    </ClInclude>
    <ClInclude Include="..\Package\ThirdParty\Include\SDL2\SDL_name.h">
      <Filter>Package\ThirdParty\Include\SDL2</Filter>
    </ClInclude>
    <ClInclude Include="..\Package\ThirdParty\Include\SDL2\SDL_opengl.h">
      <Filter>Package\ThirdParty\Include\SDL2</Filter>
    </ClInclude>
    <ClInclude Include="..\Package\ThirdParty\Include\SDL2\SDL_opengl_glext.h">
      <Filter>Package\ThirdParty\Include\SDL2</Filter>
    </ClInclude>
    <ClInclude Include="..\Package\ThirdParty\Include\SDL2\SDL_opengles.h">
      <Filter>Package\ThirdParty\Include\SDL2</Filter>
    </ClInclude>
    <ClInclude Include="..\Package\ThirdParty\Include\SDL2\SDL_opengles2.h">
      <Filter>Package\ThirdParty\Include\SDL2</Filter>
    </ClInclude>
    <ClInclude Include="..\Package\ThirdParty\Include\SDL2\SDL_opengles2_gl2.h">
      <Filter>Package\ThirdParty\Include\SDL2</Filter>
    </ClInclude>
    <ClInclude Include="..\Package\ThirdParty\Include\SDL2\SDL_opengles2_gl2ext.h">
      <Filter>Package\ThirdParty\Include\SDL2</Filter>
    </ClInclude>
    <ClInclude Include="..\Package\ThirdParty\Include\SDL2\SDL_opengles2_gl2platform.h">
      <Filter>Package\ThirdParty\Include\SDL2</Filter>
    </ClInclude>
    <ClInclude Include="..\Package\ThirdParty\Include\SDL2\SDL_opengles2_khrplatform.h">
      <Filter>Package\ThirdParty\Include\SDL2</Filter>
    </ClInclude>
    <ClInclude Include="..\Package\ThirdParty\Include\SDL2\SDL_pixels.h">
      <Filter>Package\ThirdParty\Include\SDL2</Filter>
    </ClInclude>
    <ClInclude Include="..\Package\ThirdParty\Include\SDL2\SDL_platform.h">
      <Filter>Package\ThirdParty\Include\SDL2</Filter>
    </ClInclude>
    <ClInclude Include="..\Package\ThirdParty\Include\SDL2\SDL_power.h">
      <Filter>Package\ThirdParty\Include\SDL2</Filter>
    </ClInclude>
    <ClInclude Include="..\Package\ThirdParty\Include\SDL2\SDL_quit.h">
      <Filter>Package\ThirdParty\Include\SDL2</Filter>
    </ClInclude>
    <ClInclude Include="..\Package\ThirdParty\Include\SDL2\SDL_rect.h">
      <Filter>Package\ThirdParty\Include\SDL2</Filter>
    </ClInclude>
    <ClInclude Include="..\Package\ThirdParty\Include\SDL2\SDL_render.h">
      <Filter>Package\ThirdParty\Include\SDL2</Filter>
    </ClInclude>
    <ClInclude Include="..\Package\ThirdParty\Include\SDL2\SDL_revision.h">
      <Filter>Package\ThirdParty\Include\SDL2</Filter>
    </ClInclude>
    <ClInclude Include="..\Package\ThirdParty\Include\SDL2\SDL_rwops.h">
      <Filter>Package\ThirdParty\Include\SDL2</Filter>
    </ClInclude>
    <ClInclude Include="..\Package\ThirdParty\Include\SDL2\SDL_scancode.h">
      <Filter>Package\ThirdParty\Include\SDL2</Filter>
    </ClInclude>
    <ClInclude Include="..\Package\ThirdParty\Include\SDL2\SDL_sensor.h">
      <Filter>Package\ThirdParty\Include\SDL2</Filter>
    </ClInclude>
    <ClInclude Include="..\Package\ThirdParty\Include\SDL2\SDL_shape.h">
      <Filter>Package\ThirdParty\Include\SDL2</Filter>
    </ClInclude>
    <ClInclude Include="..\Package\ThirdParty\Include\SDL2\SDL_stdinc.h">
      <Filter>Package\ThirdParty\Include\SDL2</Filter>
    </ClInclude>
    <ClInclude Include="..\Package\ThirdParty\Include\SDL2\SDL_surface.h">
      <Filter>Package\ThirdParty\Include\SDL2</Filter>
    </ClInclude>
    <ClInclude Include="..\Package\ThirdParty\Include\SDL2\SDL_system.h">
      <Filter>Package\ThirdParty\Include\SDL2</Filter>
    </ClInclude>
    <ClInclude Include="..\Package\ThirdParty\Include\SDL2\SDL_syswm.h">
      <Filter>Package\ThirdParty\Include\SDL2</Filter>
    </ClInclude>
    <ClInclude Include="..\Package\ThirdParty\Include\SDL2\SDL_test.h">
      <Filter>Package\ThirdParty\Include\SDL2</Filter>
    </ClInclude>
    <ClInclude Include="..\Package\ThirdParty\Include\SDL2\SDL_test_assert.h">
      <Filter>Package\ThirdParty\Include\SDL2</Filter>
    </ClInclude>
    <ClInclude Include="..\Package\ThirdParty\Include\SDL2\SDL_test_common.h">
      <Filter>Package\ThirdParty\Include\SDL2</Filter>
    </ClInclude>
    <ClInclude Include="..\Package\ThirdParty\Include\SDL2\SDL_test_compare.h">
      <Filter>Package\ThirdParty\Include\SDL2</Filter>
    </ClInclude>
    <ClInclude Include="..\Package\ThirdParty\Include\SDL2\SDL_test_crc32.h">
      <Filter>Package\ThirdParty\Include\SDL2</Filter>
    </ClInclude>
    <ClInclude Include="..\Package\ThirdParty\Include\SDL2\SDL_test_font.h">
      <Filter>Package\ThirdParty\Include\SDL2</Filter>
    </ClInclude>
    <ClInclude Include="..\Package\ThirdParty\Include\SDL2\SDL_test_fuzzer.h">
      <Filter>Package\ThirdParty\Include\SDL2</Filter>
    </ClInclude>
    <ClInclude Include="..\Package\ThirdParty\Include\SDL2\SDL_test_harness.h">
      <Filter>Package\ThirdParty\Include\SDL2</Filter>
    </ClInclude>
    <ClInclude Include="..\Package\ThirdParty\Include\SDL2\SDL_test_images.h">
      <Filter>Package\ThirdParty\Include\SDL2</Filter>
    </ClInclude>
    <ClInclude Include="..\Package\ThirdParty\Include\SDL2\SDL_test_log.h">
      <Filter>Package\ThirdParty\Include\SDL2</Filter>
    </ClInclude>
    <ClInclude Include="..\Package\ThirdParty\Include\SDL2\SDL_test_md5.h">
      <Filter>Package\ThirdParty\Include\SDL2</Filter>
    </ClInclude>
    <ClInclude Include="..\Package\ThirdParty\Include\SDL2\SDL_test_memory.h">
      <Filter>Package\ThirdParty\Include\SDL2</Filter>
    </ClInclude>
    <ClInclude Include="..\Package\ThirdParty\Include\SDL2\SDL_test_random.h">
      <Filter>Package\ThirdParty\Include\SDL2</Filter>
    </ClInclude>
    <ClInclude Include="..\Package\ThirdParty\Include\SDL2\SDL_thread.h">
      <Filter>Package\ThirdParty\Include\SDL2</Filter>
    </ClInclude>
    <ClInclude Include="..\Package\ThirdParty\Include\SDL2\SDL_timer.h">
      <Filter>Package\ThirdParty\Include\SDL2</Filter>
    </ClInclude>
    <ClInclude Include="..\Package\ThirdParty\Include\SDL2\SDL_touch.h">
      <Filter>Package\ThirdParty\Include\SDL2</Filter>
    </ClInclude>
    <ClInclude Include="..\Package\ThirdParty\Include\SDL2\SDL_types.h">
      <Filter>Package\ThirdParty\Include\SDL2</Filter>
    </ClInclude>
    <ClInclude Include="..\Package\ThirdParty\Include\SDL2\SDL_version.h">
      <Filter>Package\ThirdParty\Include\SDL2</Filter>
    </ClInclude>
    <ClInclude Include="..\Package\ThirdParty\Include\SDL2\SDL_video.h">
      <Filter>Package\ThirdParty\Include\SDL2</Filter>
    </ClInclude>
    <ClInclude Include="..\Package\ThirdParty\Include\SDL2\SDL_vulkan.h">
      <Filter>Package\ThirdParty\Include\SDL2</Filter>
    </ClInclude>
    <ClInclude Include="..\Package\ThirdParty\Include\SDL2\begin_code.h">
      <Filter>Package\ThirdParty\Include\SDL2</Filter>
    </ClInclude>
    <ClInclude Include="..\Package\ThirdParty\Include\SDL2\close_code.h">
      <Filter>Package\ThirdParty\Include\SDL2</Filter>
    </ClInclude>
    <ClInclude Include="..\Package\ThirdParty\Include\httplib\httplib.h">
      <Filter>Package\ThirdParty\Include\httplib</Filter>
    </ClInclude>
    <ClInclude Include="..\Package\ThirdParty\Include\json\json.hpp">
      <Filter>Package\ThirdParty\Include\json</Filter>
    </ClInclude>
    <ClInclude Include="..\Package\ThirdParty\Include\stb\stb_image.h">
      <Filter>Package\ThirdParty\Include\stb</Filter>
    </ClInclude>
    <ClInclude Include="..\Package\ThirdParty\Include\stb\stb_image_resize.h">
      <Filter>Package\ThirdParty\Include\stb</Filter>
    </ClInclude>
    <ClInclude Include="..\Package\ThirdParty\Include\stb\stb_image_write.h">
      <Filter>Package\ThirdParty\Include\stb</Filter>
    </ClInclude>
    <ClInclude Include="..\Package\ThirdParty\Include\stb\stb_rect_pack.h">
      <Filter>Package\ThirdParty\Include\stb</Filter>
    </ClInclude>
    <ClInclude Include="..\Package\ThirdParty\Include\stb\stb_truetype.h">
      <Filter>Package\ThirdParty\Include\stb</Filter>
    </ClInclude>
    <ClInclude Include="..\Source\Board.h">
      <Filter>Source</Filter>
    </ClInclude>
    <ClInclude Include="..\Source\Player.h">
      <Filter>Source</Filter>
    </ClInclude>
    <ClInclude Include="..\Source\Tetris2D.h">
      <Filter>Source</Filter>
    </ClInclude>
    <ClInclude Include="..\Source\Tetromino.h">
      <Filter>Source</Filter>
    </ClInclude>
  </ItemGroup>
  <ItemGroup>
    <ClCompile Include="..\Package\Game\Font.cpp">
      <Filter>Package\Game</Filter>
    </ClCompile>
    <ClCompile Include="..\Package\Game\Framework.cpp">
      <Filter>Package\Game</Filter>
    </ClCompile>
    <ClCompile Include="..\Package\Game\Logger.cpp">
      <Filter>Package\Game</Filter>
    </ClCompile>
    <ClCompile Include="..\Package\Game\MathHelper.cpp">
      <Filter>Package\Game</Filter>
    </ClCompile>
    <ClCompile Include="..\Package\Game\Renderer.cpp">
      <Filter>Package\Game</Filter>
    </ClCompile>
    <ClCompile Include="..\Package\Game\SDLHelper.cpp">
      <Filter>Package\Game</Filter>
    </ClCompile>
    <ClCompile Include="..\Package\Game\Timer.cpp">
      <Filter>Package\Game</Filter>
    </ClCompile>
    <ClCompile Include="..\Package\ThirdParty\Include\stb\stb_image.cpp">
      <Filter>Package\ThirdParty\Include\stb</Filter>
    </ClCompile>
    <ClCompile Include="..\Package\ThirdParty\Include\stb\stb_image_resize.cpp">
      <Filter>Package\ThirdParty\Include\stb</Filter>
    </ClCompile>
    <ClCompile Include="..\Package\ThirdParty\Include\stb\stb_image_write.cpp">
      <Filter>Package\ThirdParty\Include\stb</Filter>
    </ClCompile>
    <ClCompile Include="..\Package\ThirdParty\Include\stb\stb_rect_pack.cpp">
      <Filter>Package\ThirdParty\Include\stb</Filter>
    </ClCompile>
    <ClCompile Include="..\Package\ThirdParty\Include\stb\stb_truetype.cpp">
      <Filter>Package\ThirdParty\Include\stb</Filter>
    </ClCompile>
    <ClCompile Include="..\Source\Board.cpp">
      <Filter>Source</Filter>
    </ClCompile>
    <ClCompile Include="..\Source\Main.cpp">
      <Filter>Source</Filter>
    </ClCompile>
    <ClCompile Include="..\Source\Player.cpp">
      <Filter>Source</Filter>
    </ClCompile>
    <ClCompile Include="..\Source\Tetris2D.cpp">
      <Filter>Source</Filter>
    </ClCompile>
    <ClCompile Include="..\Source\Tetromino.cpp">
      <Filter>Source</Filter>
    </ClCompile>
  </ItemGroup>
  <ItemGroup>
    <None Include="..\Package\ThirdParty\Include\SDL2\SDL_config.h.cmake">
      <Filter>Package\ThirdParty\Include\SDL2</Filter>
    </None>
    <None Include="..\Package\ThirdParty\Include\SDL2\SDL_config.h.in">
      <Filter>Package\ThirdParty\Include\SDL2</Filter>
    </None>
    <None Include="..\Package\ThirdParty\Include\SDL2\SDL_revision.h.cmake">
      <Filter>Package\ThirdParty\Include\SDL2</Filter>
    </None>
  </ItemGroup>
</Project>